{
  "nodes": {
    "home-manager": {
      "inputs": {
        "nixpkgs": [
          "nixpkgs"
        ]
      },
      "locked": {
        "lastModified": 1712390667,
        "narHash": "sha256-ebq+fJZfobqpsAdGDGpxNWSySbQejRwW9cdiil6krCo=",
        "owner": "nix-community",
        "repo": "home-manager",
        "rev": "b787726a8413e11b074cde42704b4af32d95545c",
        "type": "github"
      },
      "original": {
        "owner": "nix-community",
        "repo": "home-manager",
        "type": "github"
      }
    },
    "impermanence": {
      "locked": {
        "lastModified": 1708968331,
        "narHash": "sha256-VUXLaPusCBvwM3zhGbRIJVeYluh2uWuqtj4WirQ1L9Y=",
        "owner": "nix-community",
        "repo": "impermanence",
        "rev": "a33ef102a02ce77d3e39c25197664b7a636f9c30",
        "type": "github"
      },
      "original": {
        "owner": "nix-community",
        "repo": "impermanence",
        "type": "github"
      }
    },
    "nixpkgs": {
      "locked": {
        "lastModified": 1712163089,
        "narHash": "sha256-Um+8kTIrC19vD4/lUCN9/cU9kcOsD1O1m+axJqQPyMM=",
        "owner": "NixOS",
        "repo": "nixpkgs",
        "rev": "fd281bd6b7d3e32ddfa399853946f782553163b5",
        "type": "github"
      },
      "original": {
        "owner": "NixOS",
        "ref": "nixos-unstable",
        "repo": "nixpkgs",
        "type": "github"
      }
    },
    "nur": {
      "locked": {
        "lastModified": 1712756700,
        "narHash": "sha256-TFAn3eG1JnibDPcPigMb6PJSbEafTGjQ4s4zg+dDkYs=",
        "owner": "nix-community",
        "repo": "NUR",
        "rev": "dd44295ab789c4115fefa2b33a12d41a661ee382",
        "type": "github"
      },
      "original": {
        "owner": "nix-community",
        "repo": "NUR",
        "type": "github"
      }
    },
    "root": {
      "inputs": {
        "home-manager": "home-manager",
        "impermanence": "impermanence",
        "nixpkgs": "nixpkgs",
        "nur": "nur",
        "stablepkgs": "stablepkgs"
      }
    },
    "stablepkgs": {
      "locked": {
        "lastModified": 1712310679,
        "narHash": "sha256-XgC/a/giEeNkhme/AV1ToipoZ/IVm1MV2ntiK4Tm+pw=",
        "owner": "NixOS",
        "repo": "nixpkgs",
        "rev": "72da83d9515b43550436891f538ff41d68eecc7f",
        "type": "github"
      },
      "original": {
        "owner": "NixOS",
        "ref": "nixos-23.11",
        "repo": "nixpkgs",
        "type": "github"
      }
    }
  },
  "root": "root",
  "version": 7
}
